# This file is generated by running "yarn install" inside your project.
# Manual changes might be lost - proceed with caution!

__metadata:
  version: 6
  cacheKey: 8

"@types/node@npm:^18.11.10":
  version: 18.11.10
  resolution: "@types/node@npm:18.11.10"
  checksum: 0f60cb090b2ee91fcd3dc4311bc1ed7889b92f14644c0069f100776f86474c12eebbcc6c75bc0d7d96b975a103b4d5d6b3c22b4e88bea6e7f4e2b1bb0daf5ea8
  languageName: node
  linkType: hard

"@types/vkbeautify@npm:^0.99.2":
  version: 0.99.2
  resolution: "@types/vkbeautify@npm:0.99.2"
  checksum: 3def73e018991aea75f8ca210b2fa44554e32acb62381e7effb954d04da5df615014a7e6831331f3ae1737466e97a304b0f595bc5029f617a2f6a174959f7973
  languageName: node
  linkType: hard

"@types/yargs-parser@npm:*":
  version: 21.0.0
  resolution: "@types/yargs-parser@npm:21.0.0"
  checksum: b2f4c8d12ac18a567440379909127cf2cec393daffb73f246d0a25df36ea983b93b7e9e824251f959e9f928cbc7c1aab6728d0a0ff15d6145f66cec2be67d9a2
  languageName: node
  linkType: hard

"@types/yargs@npm:^17.0.10":
  version: 17.0.15
  resolution: "@types/yargs@npm:17.0.15"
  dependencies:
    "@types/yargs-parser": "*"
  checksum: f6a12cf5fbfba6317fcbdf0fb545002bd37e48131f573c0b95473f1f245ba0e8ecfe859fcb43e972ff4dbd821944467d145419c5b12fdb0ba00cde886732097e
  languageName: node
  linkType: hard

"@xmldom/xmldom@npm:^0.8.1":
  version: 0.8.6
  resolution: "@xmldom/xmldom@npm:0.8.6"
  checksum: f17ac6d99a971a6aeb831fcfc5cfa86f367664e45815046548814b2deb17ccc421fef4e0d5ba29e66179d112b552f6caa5680064f8e7bd8a389b788a60404c8e
  languageName: node
  linkType: hard

"ansi-regex@npm:^5.0.1":
  version: 5.0.1
  resolution: "ansi-regex@npm:5.0.1"
  checksum: 2aa4bb54caf2d622f1afdad09441695af2a83aa3fe8b8afa581d205e57ed4261c183c4d3877cee25794443fde5876417d859c108078ab788d6af7e4fe52eb66b
  languageName: node
  linkType: hard

"ansi-styles@npm:^4.0.0":
  version: 4.3.0
  resolution: "ansi-styles@npm:4.3.0"
  dependencies:
    color-convert: ^2.0.1
  checksum: 513b44c3b2105dd14cc42a19271e80f386466c4be574bccf60b627432f9198571ebf4ab1e4c3ba17347658f4ee1711c163d574248c0c1cdc2d5917a0ad582ec4
  languageName: node
  linkType: hard

"cliui@npm:^8.0.1":
  version: 8.0.1
  resolution: "cliui@npm:8.0.1"
  dependencies:
    string-width: ^4.2.0
    strip-ansi: ^6.0.1
    wrap-ansi: ^7.0.0
  checksum: 79648b3b0045f2e285b76fb2e24e207c6db44323581e421c3acbd0e86454cba1b37aea976ab50195a49e7384b871e6dfb2247ad7dec53c02454ac6497394cb56
  languageName: node
  linkType: hard

"color-convert@npm:^2.0.1":
  version: 2.0.1
  resolution: "color-convert@npm:2.0.1"
  dependencies:
    color-name: ~1.1.4
  checksum: 79e6bdb9fd479a205c71d89574fccfb22bd9053bd98c6c4d870d65c132e5e904e6034978e55b43d69fcaa7433af2016ee203ce76eeba9cfa554b373e7f7db336
  languageName: node
  linkType: hard

"color-name@npm:~1.1.4":
  version: 1.1.4
  resolution: "color-name@npm:1.1.4"
  checksum: b0445859521eb4021cd0fb0cc1a75cecf67fceecae89b63f62b201cca8d345baf8b952c966862a9d9a2632987d4f6581f0ec8d957dfacece86f0a7919316f610
  languageName: node
  linkType: hard

"emoji-regex@npm:^8.0.0":
  version: 8.0.0
  resolution: "emoji-regex@npm:8.0.0"
  checksum: d4c5c39d5a9868b5fa152f00cada8a936868fd3367f33f71be515ecee4c803132d11b31a6222b2571b1e5f7e13890156a94880345594d0ce7e3c9895f560f192
  languageName: node
  linkType: hard

"encode-utf8@npm:^2.0.0":
  version: 2.0.0
  resolution: "encode-utf8@npm:2.0.0"
  checksum: 8ea087e1f252a399e745968df825abf594a82c8da5c0abf73ad86d36c5ce46fc85328fde1e90604720a2cc57fb128c38503ae359099fd2640a2dba3b8fbcc325
  languageName: node
  linkType: hard

"escalade@npm:^3.1.1":
  version: 3.1.1
  resolution: "escalade@npm:3.1.1"
  checksum: a3e2a99f07acb74b3ad4989c48ca0c3140f69f923e56d0cba0526240ee470b91010f9d39001f2a4a313841d237ede70a729e92125191ba5d21e74b106800b133
  languageName: node
  linkType: hard

"fast-xml-parser@npm:^4.0.6":
  version: 4.0.12
  resolution: "fast-xml-parser@npm:4.0.12"
  dependencies:
    strnum: ^1.0.5
  bin:
    fxparser: src/cli/cli.js
  checksum: afb800fdc39d3c53ce0be76dd57afafc5556790a798524c98bdb984af2adc0d35360d05d1360cdb37db3f6de1fa754ae5596f16934c60b490b22ffb47948846d
  languageName: node
  linkType: hard

"fmix@npm:^1.0.0":
  version: 1.0.0
  resolution: "fmix@npm:1.0.0"
  checksum: c35d0fac072d9ded16f97f962c3b764de7abf4bbdb0ea21816b7a13208330daf9e860f3a8fa74267bc99ba55085753cc28f812e0f137ee434e0bf89a8fd168b8
  languageName: node
  linkType: hard

"get-caller-file@npm:^2.0.5":
  version: 2.0.5
  resolution: "get-caller-file@npm:2.0.5"
  checksum: b9769a836d2a98c3ee734a88ba712e62703f1df31b94b784762c433c27a386dd6029ff55c2a920c392e33657d80191edbf18c61487e198844844516f843496b9
  languageName: node
  linkType: hard

"is-fullwidth-code-point@npm:^3.0.0":
  version: 3.0.0
  resolution: "is-fullwidth-code-point@npm:3.0.0"
  checksum: 44a30c29457c7fb8f00297bce733f0a64cd22eca270f83e58c105e0d015e45c019491a4ab2faef91ab51d4738c670daff901c799f6a700e27f7314029e99e348
  languageName: node
  linkType: hard

"murmur-32@npm:^1.0.0":
  version: 1.0.0
  resolution: "murmur-32@npm:1.0.0"
  dependencies:
    encode-utf8: ^2.0.0
    fmix: ^1.0.0
  checksum: 313d3ad912017a9d43556498a46f21e2c0116eadc806ac4c2d0cccfb5f90522581b0fa22d219b40174f13cb7f29ca768bf6b070714f9ab5b6d72132bb8d58b62
  languageName: node
  linkType: hard

"require-directory@npm:^2.1.1":
  version: 2.1.1
  resolution: "require-directory@npm:2.1.1"
  checksum: fb47e70bf0001fdeabdc0429d431863e9475e7e43ea5f94ad86503d918423c1543361cc5166d713eaa7029dd7a3d34775af04764bebff99ef413111a5af18c80
  languageName: node
  linkType: hard

"semantic-diff@workspace:.":
  version: 0.0.0-use.local
  resolution: "semantic-diff@workspace:."
  dependencies:
    "@types/node": ^18.11.10
    "@types/vkbeautify": ^0.99.2
    "@types/yargs": ^17.0.10
    "@xmldom/xmldom": ^0.8.1
    fast-xml-parser: ^4.0.6
    murmur-32: ^1.0.0
    typescript: ^4.6.2
    vkbeautify: ^0.99.3
    yargs: ^17.5.1
  bin:
    semanticdiff: src/main.js
  languageName: unknown
  linkType: soft

"string-width@npm:^4.1.0, string-width@npm:^4.2.0, string-width@npm:^4.2.3":
  version: 4.2.3
  resolution: "string-width@npm:4.2.3"
  dependencies:
    emoji-regex: ^8.0.0
    is-fullwidth-code-point: ^3.0.0
    strip-ansi: ^6.0.1
  checksum: e52c10dc3fbfcd6c3a15f159f54a90024241d0f149cf8aed2982a2d801d2e64df0bf1dc351cf8e95c3319323f9f220c16e740b06faecd53e2462df1d2b5443fb
  languageName: node
  linkType: hard

"strip-ansi@npm:^6.0.0, strip-ansi@npm:^6.0.1":
  version: 6.0.1
  resolution: "strip-ansi@npm:6.0.1"
  dependencies:
    ansi-regex: ^5.0.1
  checksum: f3cd25890aef3ba6e1a74e20896c21a46f482e93df4a06567cebf2b57edabb15133f1f94e57434e0a958d61186087b1008e89c94875d019910a213181a14fc8c
  languageName: node
  linkType: hard

"strnum@npm:^1.0.5":
  version: 1.0.5
  resolution: "strnum@npm:1.0.5"
  checksum: 651b2031db5da1bf4a77fdd2f116a8ac8055157c5420f5569f64879133825915ad461513e7202a16d7fec63c54fd822410d0962f8ca12385c4334891b9ae6dd2
  languageName: node
  linkType: hard

"typescript@npm:^4.6.2":
  version: 4.9.3
  resolution: "typescript@npm:4.9.3"
  bin:
    tsc: bin/tsc
    tsserver: bin/tsserver
  checksum: 17b8f816050b412403e38d48eef0e893deb6be522d6dc7caf105e54a72e34daf6835c447735fd2b28b66784e72bfbf87f627abb4818a8e43d1fa8106396128dc
  languageName: node
  linkType: hard

"typescript@patch:typescript@^4.6.2#~builtin<compat/typescript>":
  version: 4.9.3
  resolution: "typescript@patch:typescript@npm%3A4.9.3#~builtin<compat/typescript>::version=4.9.3&hash=d73830"
  bin:
    tsc: bin/tsc
    tsserver: bin/tsserver
  checksum: 67ca21a387c0572f1c04936e638dde7782c5aa520c3754aadc7cc9b7c915da9ebc3e27c601bfff4ccb7d7264e82dce6d277ada82ec09dc75024349e0ef64926d
  languageName: node
  linkType: hard

"vkbeautify@npm:^0.99.3":
  version: 0.99.3
  resolution: "vkbeautify@npm:0.99.3"
  checksum: 5395fb51aced0e02cd5c42264311c8f93d5df3aaa073e73be608b5ffbd09c43b68f9de0c74d64c70767f0fa611a7a86df036582bbafe1c7365d4a1c8f10561ed
  languageName: node
  linkType: hard

"wrap-ansi@npm:^7.0.0":
  version: 7.0.0
  resolution: "wrap-ansi@npm:7.0.0"
  dependencies:
    ansi-styles: ^4.0.0
    string-width: ^4.1.0
    strip-ansi: ^6.0.0
  checksum: a790b846fd4505de962ba728a21aaeda189b8ee1c7568ca5e817d85930e06ef8d1689d49dbf0e881e8ef84436af3a88bc49115c2e2788d841ff1b8b5b51a608b
  languageName: node
  linkType: hard

"y18n@npm:^5.0.5":
  version: 5.0.8
  resolution: "y18n@npm:5.0.8"
  checksum: 54f0fb95621ee60898a38c572c515659e51cc9d9f787fb109cef6fde4befbe1c4602dc999d30110feee37456ad0f1660fa2edcfde6a9a740f86a290999550d30
  languageName: node
  linkType: hard

"yargs-parser@npm:^21.1.1":
  version: 21.1.1
  resolution: "yargs-parser@npm:21.1.1"
  checksum: ed2d96a616a9e3e1cc7d204c62ecc61f7aaab633dcbfab2c6df50f7f87b393993fe6640d017759fe112d0cb1e0119f2b4150a87305cc873fd90831c6a58ccf1c
  languageName: node
  linkType: hard

"yargs@npm:^17.5.1":
  version: 17.6.2
  resolution: "yargs@npm:17.6.2"
  dependencies:
    cliui: ^8.0.1
    escalade: ^3.1.1
    get-caller-file: ^2.0.5
    require-directory: ^2.1.1
    string-width: ^4.2.3
    y18n: ^5.0.5
    yargs-parser: ^21.1.1
  checksum: 47da1b0d854fa16d45a3ded57b716b013b2179022352a5f7467409da5a04a1eef5b3b3d97a2dfc13e8bbe5f2ffc0afe3bc6a4a72f8254e60f5a4bd7947138643
  languageName: node
  linkType: hard
